// !$*UTF8*$!
{
	archiveVersion = 1;
	classes = {
	};
	objectVersion = 77;
	objects = {

/* Begin PBXContainerItemProxy section */
		D18549672E0BBAEB00D1E136 /* PBXContainerItemProxy */ = {
			isa = PBXContainerItemProxy;
			containerPortal = D18549502E0BBAEA00D1E136 /* Project object */;
			proxyType = 1;
			remoteGlobalIDString = D18549572E0BBAEA00D1E136;
			remoteInfo = ScrcpyLauncher;
		};
		D18549712E0BBAEB00D1E136 /* PBXContainerItemProxy */ = {
			isa = PBXContainerItemProxy;
			containerPortal = D18549502E0BBAEA00D1E136 /* Project object */;
			proxyType = 1;
			remoteGlobalIDString = D18549572E0BBAEA00D1E136;
			remoteInfo = ScrcpyLauncher;
		};
/* End PBXContainerItemProxy section */

/* Begin PBXFileReference section */
		D18549582E0BBAEA00D1E136 /* ScrcpyLauncher.app */ = {isa = PBXFileReference; explicitFileType = wrapper.application; includeInIndex = 0; path = ScrcpyLauncher.app; sourceTree = BUILT_PRODUCTS_DIR; };
		D18549662E0BBAEB00D1E136 /* ScrcpyLauncherTests.xctest */ = {isa = PBXFileReference; explicitFileType = wrapper.cfbundle; includeInIndex = 0; path = ScrcpyLauncherTests.xctest; sourceTree = BUILT_PRODUCTS_DIR; };
		D18549702E0BBAEB00D1E136 /* ScrcpyLauncherUITests.xctest */ = {isa = PBXFileReference; explicitFileType = wrapper.cfbundle; includeInIndex = 0; path = ScrcpyLauncherUITests.xctest; sourceTree = BUILT_PRODUCTS_DIR; };
/* End PBXFileReference section */

/* Begin PBXFileSystemSynchronizedRootGroup section */
		D185495A2E0BBAEA00D1E136 /* ScrcpyLauncher */ = {
			isa = PBXFileSystemSynchronizedRootGroup;
			path = ScrcpyLauncher;
			sourceTree = "<group>";
		};
		D18549692E0BBAEB00D1E136 /* ScrcpyLauncherTests */ = {
			isa = PBXFileSystemSynchronizedRootGroup;
			path = ScrcpyLauncherTests;
			sourceTree = "<group>";
		};
		D18549732E0BBAEB00D1E136 /* ScrcpyLauncherUITests */ = {
			isa = PBXFileSystemSynchronizedRootGroup;
			path = ScrcpyLauncherUITests;
			sourceTree = "<group>";
		};
/* End PBXFileSystemSynchronizedRootGroup section */

/* Begin PBXFrameworksBuildPhase section */
		D18549552E0BBAEA00D1E136 /* Frameworks */ = {
			isa = PBXFrameworksBuildPhase;
			buildActionMask = 2147483647;
			files = (
			);
			runOnlyForDeploymentPostprocessing = 0;
		};
		D18549632E0BBAEB00D1E136 /* Frameworks */ = {
			isa = PBXFrameworksBuildPhase;
			buildActionMask = 2147483647;
			files = (
			);
			runOnlyForDeploymentPostprocessing = 0;
		};
		D185496D2E0BBAEB00D1E136 /* Frameworks */ = {
			isa = PBXFrameworksBuildPhase;
			buildActionMask = 2147483647;
			files = (
			);
			runOnlyForDeploymentPostprocessing = 0;
		};
/* End PBXFrameworksBuildPhase section */

/* Begin PBXGroup section */
		D185494F2E0BBAEA00D1E136 = {
			isa = PBXGroup;
			children = (
				D185495A2E0BBAEA00D1E136 /* ScrcpyLauncher */,
				D18549692E0BBAEB00D1E136 /* ScrcpyLauncherTests */,
				D18549732E0BBAEB00D1E136 /* ScrcpyLauncherUITests */,
				D18549592E0BBAEA00D1E136 /* Products */,
			);
			sourceTree = "<group>";
		};
		D18549592E0BBAEA00D1E136 /* Products */ = {
			isa = PBXGroup;
			children = (
				D18549582E0BBAEA00D1E136 /* ScrcpyLauncher.app */,
				D18549662E0BBAEB00D1E136 /* ScrcpyLauncherTests.xctest */,
				D18549702E0BBAEB00D1E136 /* ScrcpyLauncherUITests.xctest */,
			);
			name = Products;
			sourceTree = "<group>";
		};
/* End PBXGroup section */

/* Begin PBXNativeTarget section */
		D18549572E0BBAEA00D1E136 /* ScrcpyLauncher */ = {
			isa = PBXNativeTarget;
			buildConfigurationList = D185497A2E0BBAEB00D1E136 /* Build configuration list for PBXNativeTarget "ScrcpyLauncher" */;
			buildPhases = (
				D18549542E0BBAEA00D1E136 /* Sources */,
				D18549552E0BBAEA00D1E136 /* Frameworks */,
				D18549562E0BBAEA00D1E136 /* Resources */,
			);
			buildRules = (
			);
			dependencies = (
			);
			fileSystemSynchronizedGroups = (
				D185495A2E0BBAEA00D1E136 /* ScrcpyLauncher */,
			);
			name = ScrcpyLauncher;
			packageProductDependencies = (
			);
			productName = ScrcpyLauncher;
			productReference = D18549582E0BBAEA00D1E136 /* ScrcpyLauncher.app */;
			productType = "com.apple.product-type.application";
		};
		D18549652E0BBAEB00D1E136 /* ScrcpyLauncherTests */ = {
			isa = PBXNativeTarget;
			buildConfigurationList = D185497D2E0BBAEB00D1E136 /* Build configuration list for PBXNativeTarget "ScrcpyLauncherTests" */;
			buildPhases = (
				D18549622E0BBAEB00D1E136 /* Sources */,
				D18549632E0BBAEB00D1E136 /* Frameworks */,
				D18549642E0BBAEB00D1E136 /* Resources */,
			);
			buildRules = (
			);
			dependencies = (
				D18549682E0BBAEB00D1E136 /* PBXTargetDependency */,
			);
			fileSystemSynchronizedGroups = (
				D18549692E0BBAEB00D1E136 /* ScrcpyLauncherTests */,
			);
			name = ScrcpyLauncherTests;
			packageProductDependencies = (
			);
			productName = ScrcpyLauncherTests;
			productReference = D18549662E0BBAEB00D1E136 /* ScrcpyLauncherTests.xctest */;
			productType = "com.apple.product-type.bundle.unit-test";
		};
		D185496F2E0BBAEB00D1E136 /* ScrcpyLauncherUITests */ = {
			isa = PBXNativeTarget;
			buildConfigurationList = D18549802E0BBAEB00D1E136 /* Build configuration list for PBXNativeTarget "ScrcpyLauncherUITests" */;
			buildPhases = (
				D185496C2E0BBAEB00D1E136 /* Sources */,
				D185496D2E0BBAEB00D1E136 /* Frameworks */,
				D185496E2E0BBAEB00D1E136 /* Resources */,
			);
			buildRules = (
			);
			dependencies = (
				D18549722E0BBAEB00D1E136 /* PBXTargetDependency */,
			);
			fileSystemSynchronizedGroups = (
				D18549732E0BBAEB00D1E136 /* ScrcpyLauncherUITests */,
			);
			name = ScrcpyLauncherUITests;
			packageProductDependencies = (
			);
			productName = ScrcpyLauncherUITests;
			productReference = D18549702E0BBAEB00D1E136 /* ScrcpyLauncherUITests.xctest */;
			productType = "com.apple.product-type.bundle.ui-testing";
		};
/* End PBXNativeTarget section */

/* Begin PBXProject section */
		D18549502E0BBAEA00D1E136 /* Project object */ = {
			isa = PBXProject;
			attributes = {
				BuildIndependentTargetsInParallel = 1;
				LastSwiftUpdateCheck = 1640;
				LastUpgradeCheck = 1640;
				TargetAttributes = {
					D18549572E0BBAEA00D1E136 = {
						CreatedOnToolsVersion = 16.4;
					};
					D18549652E0BBAEB00D1E136 = {
						CreatedOnToolsVersion = 16.4;
						TestTargetID = D18549572E0BBAEA00D1E136;
					};
					D185496F2E0BBAEB00D1E136 = {
						CreatedOnToolsVersion = 16.4;
						TestTargetID = D18549572E0BBAEA00D1E136;
					};
				};
			};
			buildConfigurationList = D18549532E0BBAEA00D1E136 /* Build configuration list for PBXProject "ScrcpyLauncher" */;
			developmentRegion = en;
			hasScannedForEncodings = 0;
			knownRegions = (
				en,
				Base,
			);
			mainGroup = D185494F2E0BBAEA00D1E136;
			minimizedProjectReferenceProxies = 1;
			preferredProjectObjectVersion = 77;
			productRefGroup = D18549592E0BBAEA00D1E136 /* Products */;
			projectDirPath = "";
			projectRoot = "";
			targets = (
				D18549572E0BBAEA00D1E136 /* ScrcpyLauncher */,
				D18549652E0BBAEB00D1E136 /* ScrcpyLauncherTests */,
				D185496F2E0BBAEB00D1E136 /* ScrcpyLauncherUITests */,
			);
		};
/* End PBXProject section */

/* Begin PBXResourcesBuildPhase section */
		D18549562E0BBAEA00D1E136 /* Resources */ = {
			isa = PBXResourcesBuildPhase;
			buildActionMask = 2147483647;
			files = (
			);
			runOnlyForDeploymentPostprocessing = 0;
		};
		D18549642E0BBAEB00D1E136 /* Resources */ = {
			isa = PBXResourcesBuildPhase;
			buildActionMask = 2147483647;
			files = (
			);
			runOnlyForDeploymentPostprocessing = 0;
		};
		D185496E2E0BBAEB00D1E136 /* Resources */ = {
			isa = PBXResourcesBuildPhase;
			buildActionMask = 2147483647;
			files = (
			);
			runOnlyForDeploymentPostprocessing = 0;
		};
/* End PBXResourcesBuildPhase section */

/* Begin PBXSourcesBuildPhase section */
		D18549542E0BBAEA00D1E136 /* Sources */ = {
			isa = PBXSourcesBuildPhase;
			buildActionMask = 2147483647;
			files = (
			);
			runOnlyForDeploymentPostprocessing = 0;
		};
		D18549622E0BBAEB00D1E136 /* Sources */ = {
			isa = PBXSourcesBuildPhase;
			buildActionMask = 2147483647;
			files = (
			);
			runOnlyForDeploymentPostprocessing = 0;
		};
		D185496C2E0BBAEB00D1E136 /* Sources */ = {
			isa = PBXSourcesBuildPhase;
			buildActionMask = 2147483647;
			files = (
			);
			runOnlyForDeploymentPostprocessing = 0;
		};
/* End PBXSourcesBuildPhase section */

/* Begin PBXTargetDependency section */
		D18549682E0BBAEB00D1E136 /* PBXTargetDependency */ = {
			isa = PBXTargetDependency;
			target = D18549572E0BBAEA00D1E136 /* ScrcpyLauncher */;
			targetProxy = D18549672E0BBAEB00D1E136 /* PBXContainerItemProxy */;
		};
		D18549722E0BBAEB00D1E136 /* PBXTargetDependency */ = {
			isa = PBXTargetDependency;
			target = D18549572E0BBAEA00D1E136 /* ScrcpyLauncher */;
			targetProxy = D18549712E0BBAEB00D1E136 /* PBXContainerItemProxy */;
		};
/* End PBXTargetDependency section */

/* Begin XCBuildConfiguration section */
		D18549782E0BBAEB00D1E136 /* Debug */ = {
			isa = XCBuildConfiguration;
			buildSettings = {
				ALWAYS_SEARCH_USER_PATHS = NO;
				ASSETCATALOG_COMPILER_GENERATE_SWIFT_ASSET_SYMBOL_EXTENSIONS = YES;
				CLANG_ANALYZER_NONNULL = YES;
				CLANG_ANALYZER_NUMBER_OBJECT_CONVERSION = YES_AGGRESSIVE;
				CLANG_CXX_LANGUAGE_STANDARD = "gnu++20";
				CLANG_ENABLE_MODULES = YES;
				CLANG_ENABLE_OBJC_ARC = YES;
				CLANG_ENABLE_OBJC_WEAK = YES;
				CLANG_WARN_BLOCK_CAPTURE_AUTORELEASING = YES;
				CLANG_WARN_BOOL_CONVERSION = YES;
				CLANG_WARN_COMMA = YES;
				CLANG_WARN_CONSTANT_CONVERSION = YES;
				CLANG_WARN_DEPRECATED_OBJC_IMPLEMENTATIONS = YES;
				CLANG_WARN_DIRECT_OBJC_ISA_USAGE = YES_ERROR;
				CLANG_WARN_DOCUMENTATION_COMMENTS = YES;
				CLANG_WARN_EMPTY_BODY = YES;
				CLANG_WARN_ENUM_CONVERSION = YES;
				CLANG_WARN_INFINITE_RECURSION = YES;
				CLANG_WARN_INT_CONVERSION = YES;
				CLANG_WARN_NON_LITERAL_NULL_CONVERSION = YES;
				CLANG_WARN_OBJC_IMPLICIT_RETAIN_SELF = YES;
				CLANG_WARN_OBJC_LITERAL_CONVERSION = YES;
				CLANG_WARN_OBJC_ROOT_CLASS = YES_ERROR;
				CLANG_WARN_QUOTED_INCLUDE_IN_FRAMEWORK_HEADER = YES;
				CLANG_WARN_RANGE_LOOP_ANALYSIS = YES;
				CLANG_WARN_STRICT_PROTOTYPES = YES;
				CLANG_WARN_SUSPICIOUS_MOVE = YES;
				CLANG_WARN_UNGUARDED_AVAILABILITY = YES_AGGRESSIVE;
				CLANG_WARN_UNREACHABLE_CODE = YES;
				CLANG_WARN__DUPLICATE_METHOD_MATCH = YES;
				COPY_PHASE_STRIP = NO;
				DEBUG_INFORMATION_FORMAT = dwarf;
				ENABLE_STRICT_OBJC_MSGSEND = YES;
				ENABLE_TESTABILITY = YES;
				ENABLE_USER_SCRIPT_SANDBOXING = YES;
				GCC_C_LANGUAGE_STANDARD = gnu17;
				GCC_DYNAMIC_NO_PIC = NO;
				GCC_NO_COMMON_BLOCKS = YES;
				GCC_OPTIMIZATION_LEVEL = 0;
				GCC_PREPROCESSOR_DEFINITIONS = (
					"DEBUG=1",
					"$(inherited)",
				);
				GCC_WARN_64_TO_32_BIT_CONVERSION = YES;
				GCC_WARN_ABOUT_RETURN_TYPE = YES_ERROR;
				GCC_WARN_UNDECLARED_SELECTOR = YES;
				GCC_WARN_UNINITIALIZED_AUTOS = YES_AGGRESSIVE;
				GCC_WARN_UNUSED_FUNCTION = YES;
				GCC_WARN_UNUSED_VARIABLE = YES;
				LOCALIZATION_PREFERS_STRING_CATALOGS = YES;
				MACOSX_DEPLOYMENT_TARGET = 15.5;
				MTL_ENABLE_DEBUG_INFO = INCLUDE_SOURCE;
				MTL_FAST_MATH = YES;
				ONLY_ACTIVE_ARCH = YES;
				SDKROOT = macosx;
				SWIFT_ACTIVE_COMPILATION_CONDITIONS = "DEBUG $(inherited)";
				SWIFT_OPTIMIZATION_LEVEL = "-Onone";
			};
			name = Debug;
		};
		D18549792E0BBAEB00D1E136 /* Release */ = {
			isa = XCBuildConfiguration;
			buildSettings = {
				ALWAYS_SEARCH_USER_PATHS = NO;
				ASSETCATALOG_COMPILER_GENERATE_SWIFT_ASSET_SYMBOL_EXTENSIONS = YES;
				CLANG_ANALYZER_NONNULL = YES;
				CLANG_ANALYZER_NUMBER_OBJECT_CONVERSION = YES_AGGRESSIVE;
				CLANG_CXX_LANGUAGE_STANDARD = "gnu++20";
				CLANG_ENABLE_MODULES = YES;
				CLANG_ENABLE_OBJC_ARC = YES;
				CLANG_ENABLE_OBJC_WEAK = YES;
				CLANG_WARN_BLOCK_CAPTURE_AUTORELEASING = YES;
				CLANG_WARN_BOOL_CONVERSION = YES;
				CLANG_WARN_COMMA = YES;
				CLANG_WARN_CONSTANT_CONVERSION = YES;
				CLANG_WARN_DEPRECATED_OBJC_IMPLEMENTATIONS = YES;
				CLANG_WARN_DIRECT_OBJC_ISA_USAGE = YES_ERROR;
				CLANG_WARN_DOCUMENTATION_COMMENTS = YES;
				CLANG_WARN_EMPTY_BODY = YES;
				CLANG_WARN_ENUM_CONVERSION = YES;
				CLANG_WARN_INFINITE_RECURSION = YES;
				CLANG_WARN_INT_CONVERSION = YES;
				CLANG_WARN_NON_LITERAL_NULL_CONVERSION = YES;
				CLANG_WARN_OBJC_IMPLICIT_RETAIN_SELF = YES;
				CLANG_WARN_OBJC_LITERAL_CONVERSION = YES;
				CLANG_WARN_OBJC_ROOT_CLASS = YES_ERROR;
				CLANG_WARN_QUOTED_INCLUDE_IN_FRAMEWORK_HEADER = YES;
				CLANG_WARN_RANGE_LOOP_ANALYSIS = YES;
				CLANG_WARN_STRICT_PROTOTYPES = YES;
				CLANG_WARN_SUSPICIOUS_MOVE = YES;
				CLANG_WARN_UNGUARDED_AVAILABILITY = YES_AGGRESSIVE;
				CLANG_WARN_UNREACHABLE_CODE = YES;
				CLANG_WARN__DUPLICATE_METHOD_MATCH = YES;
				COPY_PHASE_STRIP = NO;
				DEBUG_INFORMATION_FORMAT = "dwarf-with-dsym";
				ENABLE_NS_ASSERTIONS = NO;
				ENABLE_STRICT_OBJC_MSGSEND = YES;
				ENABLE_USER_SCRIPT_SANDBOXING = YES;
				GCC_C_LANGUAGE_STANDARD = gnu17;
				GCC_NO_COMMON_BLOCKS = YES;
				GCC_WARN_64_TO_32_BIT_CONVERSION = YES;
				GCC_WARN_ABOUT_RETURN_TYPE = YES_ERROR;
				GCC_WARN_UNDECLARED_SELECTOR = YES;
				GCC_WARN_UNINITIALIZED_AUTOS = YES_AGGRESSIVE;
				GCC_WARN_UNUSED_FUNCTION = YES;
				GCC_WARN_UNUSED_VARIABLE = YES;
				LOCALIZATION_PREFERS_STRING_CATALOGS = YES;
				MACOSX_DEPLOYMENT_TARGET = 15.5;
				MTL_ENABLE_DEBUG_INFO = NO;
				MTL_FAST_MATH = YES;
				SDKROOT = macosx;
				SWIFT_COMPILATION_MODE = wholemodule;
			};
			name = Release;
		};
		D185497B2E0BBAEB00D1E136 /* Debug */ = {
			isa = XCBuildConfiguration;
			buildSettings = {
				ASSETCATALOG_COMPILER_APPICON_NAME = AppIcon;
				ASSETCATALOG_COMPILER_GLOBAL_ACCENT_COLOR_NAME = AccentColor;
				CODE_SIGN_ENTITLEMENTS = ScrcpyLauncher/ScrcpyLauncher.entitlements;
				CODE_SIGN_STYLE = Automatic;
				COMBINE_HIDPI_IMAGES = YES;
				CURRENT_PROJECT_VERSION = 1;
				ENABLE_PREVIEWS = YES;
				GENERATE_INFOPLIST_FILE = YES;
				INFOPLIST_KEY_NSHumanReadableCopyright = "";
				LD_RUNPATH_SEARCH_PATHS = (
					"$(inherited)",
					"@executable_path/../Frameworks",
				);
				MARKETING_VERSION = 1.0;
				PRODUCT_BUNDLE_IDENTIFIER = com.kapil2800.ScrcpyLauncher;
				PRODUCT_NAME = "$(TARGET_NAME)";
				REGISTER_APP_GROUPS = YES;
				SWIFT_EMIT_LOC_STRINGS = YES;
				SWIFT_VERSION = 5.0;
			};
			name = Debug;
		};
		D185497C2E0BBAEB00D1E136 /* Release */ = {
			isa = XCBuildConfiguration;
			buildSettings = {
				ASSETCATALOG_COMPILER_APPICON_NAME = AppIcon;
				ASSETCATALOG_COMPILER_GLOBAL_ACCENT_COLOR_NAME = AccentColor;
				CODE_SIGN_ENTITLEMENTS = ScrcpyLauncher/ScrcpyLauncher.entitlements;
				CODE_SIGN_STYLE = Automatic;
				COMBINE_HIDPI_IMAGES = YES;
				CURRENT_PROJECT_VERSION = 1;
				ENABLE_PREVIEWS = YES;
				GENERATE_INFOPLIST_FILE = YES;
				INFOPLIST_KEY_NSHumanReadableCopyright = "";
				LD_RUNPATH_SEARCH_PATHS = (
					"$(inherited)",
					"@executable_path/../Frameworks",
				);
				MARKETING_VERSION = 1.0;
				PRODUCT_BUNDLE_IDENTIFIER = com.kapil2800.ScrcpyLauncher;
				PRODUCT_NAME = "$(TARGET_NAME)";
				REGISTER_APP_GROUPS = YES;
				SWIFT_EMIT_LOC_STRINGS = YES;
				SWIFT_VERSION = 5.0;
			};
			name = Release;
		};
		D185497E2E0BBAEB00D1E136 /* Debug */ = {
			isa = XCBuildConfiguration;
			buildSettings = {
				BUNDLE_LOADER = "$(TEST_HOST)";
				CODE_SIGN_STYLE = Automatic;
				CURRENT_PROJECT_VERSION = 1;
				GENERATE_INFOPLIST_FILE = YES;
				MACOSX_DEPLOYMENT_TARGET = 15.5;
				MARKETING_VERSION = 1.0;
				PRODUCT_BUNDLE_IDENTIFIER = com.kapil2800.ScrcpyLauncherTests;
				PRODUCT_NAME = "$(TARGET_NAME)";
				SWIFT_EMIT_LOC_STRINGS = NO;
				SWIFT_VERSION = 5.0;
				TEST_HOST = "$(BUILT_PRODUCTS_DIR)/ScrcpyLauncher.app/$(BUNDLE_EXECUTABLE_FOLDER_PATH)/ScrcpyLauncher";
			};
			name = Debug;
		};
		D185497F2E0BBAEB00D1E136 /* Release */ = {
			isa = XCBuildConfiguration;
			buildSettings = {
				BUNDLE_LOADER = "$(TEST_HOST)";
				CODE_SIGN_STYLE = Automatic;
				CURRENT_PROJECT_VERSION = 1;
				GENERATE_INFOPLIST_FILE = YES;
				MACOSX_DEPLOYMENT_TARGET = 15.5;
				MARKETING_VERSION = 1.0;
				PRODUCT_BUNDLE_IDENTIFIER = com.kapil2800.ScrcpyLauncherTests;
				PRODUCT_NAME = "$(TARGET_NAME)";
				SWIFT_EMIT_LOC_STRINGS = NO;
				SWIFT_VERSION = 5.0;
				TEST_HOST = "$(BUILT_PRODUCTS_DIR)/ScrcpyLauncher.app/$(BUNDLE_EXECUTABLE_FOLDER_PATH)/ScrcpyLauncher";
			};
			name = Release;
		};
		D18549812E0BBAEB00D1E136 /* Debug */ = {
			isa = XCBuildConfiguration;
			buildSettings = {
				CODE_SIGN_STYLE = Automatic;
				CURRENT_PROJECT_VERSION = 1;
				GENERATE_INFOPLIST_FILE = YES;
				MARKETING_VERSION = 1.0;
				PRODUCT_BUNDLE_IDENTIFIER = com.kapil2800.ScrcpyLauncherUITests;
				PRODUCT_NAME = "$(TARGET_NAME)";
				SWIFT_EMIT_LOC_STRINGS = NO;
				SWIFT_VERSION = 5.0;
				TEST_TARGET_NAME = ScrcpyLauncher;
			};
			name = Debug;
		};
		D18549822E0BBAEB00D1E136 /* Release */ = {
			isa = XCBuildConfiguration;
			buildSettings = {
				CODE_SIGN_STYLE = Automatic;
				CURRENT_PROJECT_VERSION = 1;
				GENERATE_INFOPLIST_FILE = YES;
				MARKETING_VERSION = 1.0;
				PRODUCT_BUNDLE_IDENTIFIER = com.kapil2800.ScrcpyLauncherUITests;
				PRODUCT_NAME = "$(TARGET_NAME)";
				SWIFT_EMIT_LOC_STRINGS = NO;
				SWIFT_VERSION = 5.0;
				TEST_TARGET_NAME = ScrcpyLauncher;
			};
			name = Release;
		};
/* End XCBuildConfiguration section */

/* Begin XCConfigurationList section */
		D18549532E0BBAEA00D1E136 /* Build configuration list for PBXProject "ScrcpyLauncher" */ = {
			isa = XCConfigurationList;
			buildConfigurations = (
				D18549782E0BBAEB00D1E136 /* Debug */,
				D18549792E0BBAEB00D1E136 /* Release */,
			);
			defaultConfigurationIsVisible = 0;
			defaultConfigurationName = Release;
		};
		D185497A2E0BBAEB00D1E136 /* Build configuration list for PBXNativeTarget "ScrcpyLauncher" */ = {
			isa = XCConfigurationList;
			buildConfigurations = (
				D185497B2E0BBAEB00D1E136 /* Debug */,
				D185497C2E0BBAEB00D1E136 /* Release */,
			);
			defaultConfigurationIsVisible = 0;
			defaultConfigurationName = Release;
		};
		D185497D2E0BBAEB00D1E136 /* Build configuration list for PBXNativeTarget "ScrcpyLauncherTests" */ = {
			isa = XCConfigurationList;
			buildConfigurations = (
				D185497E2E0BBAEB00D1E136 /* Debug */,
				D185497F2E0BBAEB00D1E136 /* Release */,
			);
			defaultConfigurationIsVisible = 0;
			defaultConfigurationName = Release;
		};
		D18549802E0BBAEB00D1E136 /* Build configuration list for PBXNativeTarget "ScrcpyLauncherUITests" */ = {
			isa = XCConfigurationList;
			buildConfigurations = (
				D18549812E0BBAEB00D1E136 /* Debug */,
				D18549822E0BBAEB00D1E136 /* Release */,
			);
			defaultConfigurationIsVisible = 0;
			defaultConfigurationName = Release;
		};
/* End XCConfigurationList section */
	};
	rootObject = D18549502E0BBAEA00D1E136 /* Project object */;
}
